
Microsoft Visual Studio Solution File, Format Version 12.00
# Visual Studio Version 17
VisualStudioVersion = 17.14.36414.22
MinimumVisualStudioVersion = 10.0.40219.1
Project("{2150E333-8FDC-42A3-9474-1A3956D46DE8}") = "Task0", "Task0", "{02EA681E-C7D8-13C7-8484-4AC65E1B71E8}"
EndProject
Project("{2150E333-8FDC-42A3-9474-1A3956D46DE8}") = "Task1", "Task1", "{A1EFC086-727E-40A5-8C9A-C87074B65544}"
EndProject
Project("{FAE04EC0-301F-11D3-BF4B-00C04F79EFBC}") = "Tyuiu.SamolovovaOA.Sprint1.Task0.V26", "Tyuiu.SamolovovaOA.Sprint1.Task0.V26\Tyuiu.SamolovovaOA.Sprint1.Task0.V26.csproj", "{8A87A6C0-9756-427D-A7FA-F532B6C42B59}"
EndProject
Project("{FAE04EC0-301F-11D3-BF4B-00C04F79EFBC}") = "Tyuiu.SamolovovaOA.Sprint1.Task0.V26.Test", "Tyuiu.SamolovovaOA.Sprint1.Task0.V26.Test\Tyuiu.SamolovovaOA.Sprint1.Task0.V26.Test.csproj", "{3DA58DCD-1723-4657-876D-313363E22866}"
EndProject
Project("{FAE04EC0-301F-11D3-BF4B-00C04F79EFBC}") = "Tyuiu.SamolovovaOA.Sprint1.Task0.V26.Lib", "Tyuiu.SamolovovaOA.Sprint1.Task0.V26.Lib\Tyuiu.SamolovovaOA.Sprint1.Task0.V26.Lib.csproj", "{D11706F5-9941-4FA5-807B-AA3F6D250879}"
EndProject
Project("{FAE04EC0-301F-11D3-BF4B-00C04F79EFBC}") = "Tyuiu.SamolovovaOA.Sprint1.Task1.V20", "Tyuiu.SamolovovaOA.Sprint1.Task1.V20\Tyuiu.SamolovovaOA.Sprint1.Task1.V20.csproj", "{AF585A33-20E8-4DFA-BDE9-63B882DA4B7F}"
EndProject
Project("{FAE04EC0-301F-11D3-BF4B-00C04F79EFBC}") = "Tyuiu.SamolovovaOA.Sprint1.Task1.V20.Lib", "Tyuiu.SamolovovaOA.Sprint1.Task1.V20.Lib\Tyuiu.SamolovovaOA.Sprint1.Task1.V20.Lib.csproj", "{120719BA-A3F5-4ACC-996F-6ACF5CD3B0B2}"
EndProject
Project("{FAE04EC0-301F-11D3-BF4B-00C04F79EFBC}") = "Tyuiu.SamolovovaOA.Sprint1.Task1.V20.Test", "Tyuiu.SamolovovaOA.Sprint1.Task1.V20.Test\Tyuiu.SamolovovaOA.Sprint1.Task1.V20.Test.csproj", "{5D4A07FC-F9A0-42EB-B093-2B8DA38A3C34}"
EndProject
Project("{2150E333-8FDC-42A3-9474-1A3956D46DE8}") = "Task2", "Task2", "{E3905F8F-96E4-41B8-AAFB-CC732FC68BC7}"
EndProject
Project("{FAE04EC0-301F-11D3-BF4B-00C04F79EFBC}") = "Tyuiu.SamolovovaOA.Sprint1.Task2.V24", "Tyuiu.SamolovovaOA.Sprint1.Task2.V24\Tyuiu.SamolovovaOA.Sprint1.Task2.V24.csproj", "{53D245C8-6DA1-4E85-A422-DA63D8C8DB50}"
EndProject
Project("{FAE04EC0-301F-11D3-BF4B-00C04F79EFBC}") = "Tyuiu.SamolovovaOA.Sprint1.Task2.V24.Lib", "Tyuiu.SamolovovaOA.Sprint1.Task2.V24.Lib\Tyuiu.SamolovovaOA.Sprint1.Task2.V24.Lib.csproj", "{372AB051-BC2C-4918-97D5-E8C30A78E4BF}"
EndProject
Project("{FAE04EC0-301F-11D3-BF4B-00C04F79EFBC}") = "Tyuiu.SamolovovaOA.Sprint1.Task2.V24.Test", "Tyuiu.SamolovovaOA.Sprint1.Task2.V24.Test\Tyuiu.SamolovovaOA.Sprint1.Task2.V24.Test.csproj", "{2B118E6D-1C14-4915-B29E-C95399BF3F81}"
EndProject
Project("{2150E333-8FDC-42A3-9474-1A3956D46DE8}") = "Task3", "Task3", "{3146AE0A-DDAB-4385-AAF7-D7CBADB6F374}"
EndProject
Project("{FAE04EC0-301F-11D3-BF4B-00C04F79EFBC}") = "Tyuiu.SamolovovaOA.Sprint1.Task3.V17", "Tyuiu.SamolovovaOA.Sprint1.Task3.V17\Tyuiu.SamolovovaOA.Sprint1.Task3.V17.csproj", "{2BDAFC8B-D1FC-4BED-8AC3-002374A854BE}"
EndProject
Project("{FAE04EC0-301F-11D3-BF4B-00C04F79EFBC}") = "Tyuiu.SamolovovaOA.Sprint1.Task3.V17.Lib", "Tyuiu.SamolovovaOA.Sprint1.Task3.V17.Lib\Tyuiu.SamolovovaOA.Sprint1.Task3.V17.Lib.csproj", "{5B5C2C3D-9B50-437A-86B5-4C3E66D14E52}"
EndProject
Project("{FAE04EC0-301F-11D3-BF4B-00C04F79EFBC}") = "Tyuiu.SamolovovaOA.Sprint1.Task3.V17.Test", "Tyuiu.SamolovovaOA.Sprint1.Task3.V17.Test\Tyuiu.SamolovovaOA.Sprint1.Task3.V17.Test.csproj", "{30E6148C-23CD-4E1B-8F15-44DC09591EC0}"
EndProject
Global
	GlobalSection(SolutionConfigurationPlatforms) = preSolution
		Debug|Any CPU = Debug|Any CPU
		Release|Any CPU = Release|Any CPU
	EndGlobalSection
	GlobalSection(ProjectConfigurationPlatforms) = postSolution
		{8A87A6C0-9756-427D-A7FA-F532B6C42B59}.Debug|Any CPU.ActiveCfg = Debug|Any CPU
		{8A87A6C0-9756-427D-A7FA-F532B6C42B59}.Debug|Any CPU.Build.0 = Debug|Any CPU
		{8A87A6C0-9756-427D-A7FA-F532B6C42B59}.Release|Any CPU.ActiveCfg = Release|Any CPU
		{8A87A6C0-9756-427D-A7FA-F532B6C42B59}.Release|Any CPU.Build.0 = Release|Any CPU
		{3DA58DCD-1723-4657-876D-313363E22866}.Debug|Any CPU.ActiveCfg = Debug|Any CPU
		{3DA58DCD-1723-4657-876D-313363E22866}.Debug|Any CPU.Build.0 = Debug|Any CPU
		{3DA58DCD-1723-4657-876D-313363E22866}.Release|Any CPU.ActiveCfg = Release|Any CPU
		{3DA58DCD-1723-4657-876D-313363E22866}.Release|Any CPU.Build.0 = Release|Any CPU
		{D11706F5-9941-4FA5-807B-AA3F6D250879}.Debug|Any CPU.ActiveCfg = Debug|Any CPU
		{D11706F5-9941-4FA5-807B-AA3F6D250879}.Debug|Any CPU.Build.0 = Debug|Any CPU
		{D11706F5-9941-4FA5-807B-AA3F6D250879}.Release|Any CPU.ActiveCfg = Release|Any CPU
		{D11706F5-9941-4FA5-807B-AA3F6D250879}.Release|Any CPU.Build.0 = Release|Any CPU
		{AF585A33-20E8-4DFA-BDE9-63B882DA4B7F}.Debug|Any CPU.ActiveCfg = Debug|Any CPU
		{AF585A33-20E8-4DFA-BDE9-63B882DA4B7F}.Debug|Any CPU.Build.0 = Debug|Any CPU
		{AF585A33-20E8-4DFA-BDE9-63B882DA4B7F}.Release|Any CPU.ActiveCfg = Release|Any CPU
		{AF585A33-20E8-4DFA-BDE9-63B882DA4B7F}.Release|Any CPU.Build.0 = Release|Any CPU
		{120719BA-A3F5-4ACC-996F-6ACF5CD3B0B2}.Debug|Any CPU.ActiveCfg = Debug|Any CPU
		{120719BA-A3F5-4ACC-996F-6ACF5CD3B0B2}.Debug|Any CPU.Build.0 = Debug|Any CPU
		{120719BA-A3F5-4ACC-996F-6ACF5CD3B0B2}.Release|Any CPU.ActiveCfg = Release|Any CPU
		{120719BA-A3F5-4ACC-996F-6ACF5CD3B0B2}.Release|Any CPU.Build.0 = Release|Any CPU
		{5D4A07FC-F9A0-42EB-B093-2B8DA38A3C34}.Debug|Any CPU.ActiveCfg = Debug|Any CPU
		{5D4A07FC-F9A0-42EB-B093-2B8DA38A3C34}.Debug|Any CPU.Build.0 = Debug|Any CPU
		{5D4A07FC-F9A0-42EB-B093-2B8DA38A3C34}.Release|Any CPU.ActiveCfg = Release|Any CPU
		{5D4A07FC-F9A0-42EB-B093-2B8DA38A3C34}.Release|Any CPU.Build.0 = Release|Any CPU
		{53D245C8-6DA1-4E85-A422-DA63D8C8DB50}.Debug|Any CPU.ActiveCfg = Debug|Any CPU
		{53D245C8-6DA1-4E85-A422-DA63D8C8DB50}.Debug|Any CPU.Build.0 = Debug|Any CPU
		{53D245C8-6DA1-4E85-A422-DA63D8C8DB50}.Release|Any CPU.ActiveCfg = Release|Any CPU
		{53D245C8-6DA1-4E85-A422-DA63D8C8DB50}.Release|Any CPU.Build.0 = Release|Any CPU
		{372AB051-BC2C-4918-97D5-E8C30A78E4BF}.Debug|Any CPU.ActiveCfg = Debug|Any CPU
		{372AB051-BC2C-4918-97D5-E8C30A78E4BF}.Debug|Any CPU.Build.0 = Debug|Any CPU
		{372AB051-BC2C-4918-97D5-E8C30A78E4BF}.Release|Any CPU.ActiveCfg = Release|Any CPU
		{372AB051-BC2C-4918-97D5-E8C30A78E4BF}.Release|Any CPU.Build.0 = Release|Any CPU
		{2B118E6D-1C14-4915-B29E-C95399BF3F81}.Debug|Any CPU.ActiveCfg = Debug|Any CPU
		{2B118E6D-1C14-4915-B29E-C95399BF3F81}.Debug|Any CPU.Build.0 = Debug|Any CPU
		{2B118E6D-1C14-4915-B29E-C95399BF3F81}.Release|Any CPU.ActiveCfg = Release|Any CPU
		{2B118E6D-1C14-4915-B29E-C95399BF3F81}.Release|Any CPU.Build.0 = Release|Any CPU
		{2BDAFC8B-D1FC-4BED-8AC3-002374A854BE}.Debug|Any CPU.ActiveCfg = Debug|Any CPU
		{2BDAFC8B-D1FC-4BED-8AC3-002374A854BE}.Debug|Any CPU.Build.0 = Debug|Any CPU
		{2BDAFC8B-D1FC-4BED-8AC3-002374A854BE}.Release|Any CPU.ActiveCfg = Release|Any CPU
		{2BDAFC8B-D1FC-4BED-8AC3-002374A854BE}.Release|Any CPU.Build.0 = Release|Any CPU
		{5B5C2C3D-9B50-437A-86B5-4C3E66D14E52}.Debug|Any CPU.ActiveCfg = Debug|Any CPU
		{5B5C2C3D-9B50-437A-86B5-4C3E66D14E52}.Debug|Any CPU.Build.0 = Debug|Any CPU
		{5B5C2C3D-9B50-437A-86B5-4C3E66D14E52}.Release|Any CPU.ActiveCfg = Release|Any CPU
		{5B5C2C3D-9B50-437A-86B5-4C3E66D14E52}.Release|Any CPU.Build.0 = Release|Any CPU
		{30E6148C-23CD-4E1B-8F15-44DC09591EC0}.Debug|Any CPU.ActiveCfg = Debug|Any CPU
		{30E6148C-23CD-4E1B-8F15-44DC09591EC0}.Debug|Any CPU.Build.0 = Debug|Any CPU
		{30E6148C-23CD-4E1B-8F15-44DC09591EC0}.Release|Any CPU.ActiveCfg = Release|Any CPU
		{30E6148C-23CD-4E1B-8F15-44DC09591EC0}.Release|Any CPU.Build.0 = Release|Any CPU
	EndGlobalSection
	GlobalSection(SolutionProperties) = preSolution
		HideSolutionNode = FALSE
	EndGlobalSection
	GlobalSection(NestedProjects) = preSolution
		{8A87A6C0-9756-427D-A7FA-F532B6C42B59} = {02EA681E-C7D8-13C7-8484-4AC65E1B71E8}
		{3DA58DCD-1723-4657-876D-313363E22866} = {02EA681E-C7D8-13C7-8484-4AC65E1B71E8}
		{D11706F5-9941-4FA5-807B-AA3F6D250879} = {02EA681E-C7D8-13C7-8484-4AC65E1B71E8}
		{AF585A33-20E8-4DFA-BDE9-63B882DA4B7F} = {A1EFC086-727E-40A5-8C9A-C87074B65544}
		{120719BA-A3F5-4ACC-996F-6ACF5CD3B0B2} = {A1EFC086-727E-40A5-8C9A-C87074B65544}
		{5D4A07FC-F9A0-42EB-B093-2B8DA38A3C34} = {A1EFC086-727E-40A5-8C9A-C87074B65544}
		{53D245C8-6DA1-4E85-A422-DA63D8C8DB50} = {E3905F8F-96E4-41B8-AAFB-CC732FC68BC7}
		{372AB051-BC2C-4918-97D5-E8C30A78E4BF} = {E3905F8F-96E4-41B8-AAFB-CC732FC68BC7}
		{2B118E6D-1C14-4915-B29E-C95399BF3F81} = {E3905F8F-96E4-41B8-AAFB-CC732FC68BC7}
		{2BDAFC8B-D1FC-4BED-8AC3-002374A854BE} = {3146AE0A-DDAB-4385-AAF7-D7CBADB6F374}
		{5B5C2C3D-9B50-437A-86B5-4C3E66D14E52} = {3146AE0A-DDAB-4385-AAF7-D7CBADB6F374}
		{30E6148C-23CD-4E1B-8F15-44DC09591EC0} = {3146AE0A-DDAB-4385-AAF7-D7CBADB6F374}
	EndGlobalSection
	GlobalSection(ExtensibilityGlobals) = postSolution
		SolutionGuid = {31A8F4C2-0B24-46FC-AEEC-3F41BB3224B5}
	EndGlobalSection
EndGlobal
